# Code generated by scarb DO NOT EDIT.
version = 1

[[package]]
name = "alexandria_data_structures"
version = "0.1.0"
source = "git+https://github.com/keep-starknet-strange/alexandria.git?rev=f37d73d#f37d73d8a8248e4d8dc65de3949333e30bda022f"

[[package]]
name = "cubit"
version = "1.2.0"
source = "git+https://github.com/influenceth/cubit.git?rev=b459053#b4590530d5aeae9aabd36740cc2a3d9e6adc5fde"

[[package]]
name = "orion"
version = "0.1.7"
source = "git+https://github.com/gizatechxyz/orion.git?rev=v0.1.7#5c94b3260bcf2b2c6a1b29e96430df94e2fe42c2"
dependencies = [
 "alexandria_data_structures",
 "cubit",
]

[[package]]
name = "pca"
version = "0.1.0"
dependencies = [
 "orion",
]
